PODS:
  - Alamofire (4.9.1)
  - AlamofireImage (3.6.0):
    - Alamofire (~> 4.9)
  - Bolts/Tasks (1.9.0)
  - Charts (3.4.0):
    - Charts/Core (= 3.4.0)
  - Charts/Core (3.4.0)
  - Parse (1.17.3):
    - Parse/Core (= 1.17.3)
  - Parse/Core (1.17.3):
    - Bolts/Tasks (~> 1.9)
  - RSSelectionMenu (6.1.0)

DEPENDENCIES:
  - AlamofireImage
  - Charts
  - Parse
  - RSSelectionMenu

SPEC REPOS:
  trunk:
    - Alamofire
    - AlamofireImage
    - Bolts
    - Charts
    - Parse
    - RSSelectionMenu

SPEC CHECKSUMS:
  Alamofire: 85e8a02c69d6020a0d734f6054870d7ecb75cf18
  AlamofireImage: be9963c6582d68b39e89191f64c82a7d7bf40fdd
  Bolts: ac6567323eac61e203f6a9763667d0f711be34c8
  Charts: 74c9f256eaf0460c0c416522d1cf8c634ea6b286
  Parse: c1ad2a04d2cab2b54b6fb7da05f741abf2cf57d1
  RSSelectionMenu: dac4fa365e4bbd95c0eccd0b6ff51a623a22a1c6

PODFILE CHECKSUM: 48f2919fa7d034c2614cb2b15675f966326ed475

COCOAPODS: 1.8.4
