// !$*UTF8*$!
{
	archiveVersion = 1;
	classes = {
	};
	objectVersion = 51;
	objects = {

/* Begin PBXBuildFile section */
		0BDF64A8BD95C1A3AD0C5834 /* Pods_Budgetly_BudgetlyUITests.framework in Frameworks */ = {isa = PBXBuildFile; fileRef = D028409B120F35BF1516816F /* Pods_Budgetly_BudgetlyUITests.framework */; };
		22EC3740C1DBC658B5D6C53D /* Pods_BudgetlyTests.framework in Frameworks */ = {isa = PBXBuildFile; fileRef = 32AC73C24789E577B24E6F4C /* Pods_BudgetlyTests.framework */; };
		3D5BB378241744B90032ADE8 /* AppDelegate.swift in Sources */ = {isa = PBXBuildFile; fileRef = 3D5BB377241744B90032ADE8 /* AppDelegate.swift */; };
		3D5BB37A241744B90032ADE8 /* SceneDelegate.swift in Sources */ = {isa = PBXBuildFile; fileRef = 3D5BB379241744B90032ADE8 /* SceneDelegate.swift */; };
		3D5BB37F241744B90032ADE8 /* Main.storyboard in Resources */ = {isa = PBXBuildFile; fileRef = 3D5BB37D241744B90032ADE8 /* Main.storyboard */; };
		3D5BB381241744BC0032ADE8 /* Assets.xcassets in Resources */ = {isa = PBXBuildFile; fileRef = 3D5BB380241744BC0032ADE8 /* Assets.xcassets */; };
		3D5BB384241744BC0032ADE8 /* LaunchScreen.storyboard in Resources */ = {isa = PBXBuildFile; fileRef = 3D5BB382241744BC0032ADE8 /* LaunchScreen.storyboard */; };
		3D5BB38F241744BC0032ADE8 /* BudgetlyTests.swift in Sources */ = {isa = PBXBuildFile; fileRef = 3D5BB38E241744BC0032ADE8 /* BudgetlyTests.swift */; };
		3D5BB39A241744BC0032ADE8 /* BudgetlyUITests.swift in Sources */ = {isa = PBXBuildFile; fileRef = 3D5BB399241744BC0032ADE8 /* BudgetlyUITests.swift */; };
		BA5F75C5241F3B18007E403E /* ExpenseViewController.swift in Sources */ = {isa = PBXBuildFile; fileRef = BA5F75C4241F3B18007E403E /* ExpenseViewController.swift */; };
		BA78BBD5242865C000A6CD2A /* ExpenseTableViewController.swift in Sources */ = {isa = PBXBuildFile; fileRef = BA78BBD4242865C000A6CD2A /* ExpenseTableViewController.swift */; };
		BA9C4830241EF85D00E4AFEF /* StartScreenViewController.swift in Sources */ = {isa = PBXBuildFile; fileRef = BA9C482F241EF85D00E4AFEF /* StartScreenViewController.swift */; };
		BA9C4832241EF9D800E4AFEF /* LoginViewController.swift in Sources */ = {isa = PBXBuildFile; fileRef = BA9C4831241EF9D800E4AFEF /* LoginViewController.swift */; };
		BA9C4834241EFA5200E4AFEF /* HomeViewController.swift in Sources */ = {isa = PBXBuildFile; fileRef = BA9C4833241EFA5200E4AFEF /* HomeViewController.swift */; };
		BACF4D3D242823C3000E6E68 /* GuideViewController.swift in Sources */ = {isa = PBXBuildFile; fileRef = BACF4D3C242823C3000E6E68 /* GuideViewController.swift */; };
		BACF4D3F24283814000E6E68 /* NewExpenseViewController.swift in Sources */ = {isa = PBXBuildFile; fileRef = BACF4D3E24283814000E6E68 /* NewExpenseViewController.swift */; };
		E6B8506B0284DDDA377DA7B7 /* Pods_Budgetly.framework in Frameworks */ = {isa = PBXBuildFile; fileRef = 1D2FE88ACB51EA024CF6E5D8 /* Pods_Budgetly.framework */; };
/* End PBXBuildFile section */

/* Begin PBXContainerItemProxy section */
		3D5BB38B241744BC0032ADE8 /* PBXContainerItemProxy */ = {
			isa = PBXContainerItemProxy;
			containerPortal = 3D5BB36C241744B90032ADE8 /* Project object */;
			proxyType = 1;
			remoteGlobalIDString = 3D5BB373241744B90032ADE8;
			remoteInfo = Budgetly;
		};
		3D5BB396241744BC0032ADE8 /* PBXContainerItemProxy */ = {
			isa = PBXContainerItemProxy;
			containerPortal = 3D5BB36C241744B90032ADE8 /* Project object */;
			proxyType = 1;
			remoteGlobalIDString = 3D5BB373241744B90032ADE8;
			remoteInfo = Budgetly;
		};
/* End PBXContainerItemProxy section */

/* Begin PBXFileReference section */
		1418381AA098A44FEF0E4DD2 /* Pods-BudgetlyTests.release.xcconfig */ = {isa = PBXFileReference; includeInIndex = 1; lastKnownFileType = text.xcconfig; name = "Pods-BudgetlyTests.release.xcconfig"; path = "Target Support Files/Pods-BudgetlyTests/Pods-BudgetlyTests.release.xcconfig"; sourceTree = "<group>"; };
		1D2FE88ACB51EA024CF6E5D8 /* Pods_Budgetly.framework */ = {isa = PBXFileReference; explicitFileType = wrapper.framework; includeInIndex = 0; path = Pods_Budgetly.framework; sourceTree = BUILT_PRODUCTS_DIR; };
		32AC73C24789E577B24E6F4C /* Pods_BudgetlyTests.framework */ = {isa = PBXFileReference; explicitFileType = wrapper.framework; includeInIndex = 0; path = Pods_BudgetlyTests.framework; sourceTree = BUILT_PRODUCTS_DIR; };
		3D5BB374241744B90032ADE8 /* Budgetly.app */ = {isa = PBXFileReference; explicitFileType = wrapper.application; includeInIndex = 0; path = Budgetly.app; sourceTree = BUILT_PRODUCTS_DIR; };
		3D5BB377241744B90032ADE8 /* AppDelegate.swift */ = {isa = PBXFileReference; lastKnownFileType = sourcecode.swift; path = AppDelegate.swift; sourceTree = "<group>"; };
		3D5BB379241744B90032ADE8 /* SceneDelegate.swift */ = {isa = PBXFileReference; lastKnownFileType = sourcecode.swift; path = SceneDelegate.swift; sourceTree = "<group>"; };
		3D5BB37E241744B90032ADE8 /* Base */ = {isa = PBXFileReference; lastKnownFileType = file.storyboard; name = Base; path = Base.lproj/Main.storyboard; sourceTree = "<group>"; };
		3D5BB380241744BC0032ADE8 /* Assets.xcassets */ = {isa = PBXFileReference; lastKnownFileType = folder.assetcatalog; path = Assets.xcassets; sourceTree = "<group>"; };
		3D5BB383241744BC0032ADE8 /* Base */ = {isa = PBXFileReference; lastKnownFileType = file.storyboard; name = Base; path = Base.lproj/LaunchScreen.storyboard; sourceTree = "<group>"; };
		3D5BB385241744BC0032ADE8 /* Info.plist */ = {isa = PBXFileReference; lastKnownFileType = text.plist.xml; path = Info.plist; sourceTree = "<group>"; };
		3D5BB38A241744BC0032ADE8 /* BudgetlyTests.xctest */ = {isa = PBXFileReference; explicitFileType = wrapper.cfbundle; includeInIndex = 0; path = BudgetlyTests.xctest; sourceTree = BUILT_PRODUCTS_DIR; };
		3D5BB38E241744BC0032ADE8 /* BudgetlyTests.swift */ = {isa = PBXFileReference; lastKnownFileType = sourcecode.swift; path = BudgetlyTests.swift; sourceTree = "<group>"; };
		3D5BB390241744BC0032ADE8 /* Info.plist */ = {isa = PBXFileReference; lastKnownFileType = text.plist.xml; path = Info.plist; sourceTree = "<group>"; };
		3D5BB395241744BC0032ADE8 /* BudgetlyUITests.xctest */ = {isa = PBXFileReference; explicitFileType = wrapper.cfbundle; includeInIndex = 0; path = BudgetlyUITests.xctest; sourceTree = BUILT_PRODUCTS_DIR; };
		3D5BB399241744BC0032ADE8 /* BudgetlyUITests.swift */ = {isa = PBXFileReference; lastKnownFileType = sourcecode.swift; path = BudgetlyUITests.swift; sourceTree = "<group>"; };
		3D5BB39B241744BC0032ADE8 /* Info.plist */ = {isa = PBXFileReference; lastKnownFileType = text.plist.xml; path = Info.plist; sourceTree = "<group>"; };
		559582C9EC8C7B9456D9D068 /* Pods-Budgetly-BudgetlyUITests.release.xcconfig */ = {isa = PBXFileReference; includeInIndex = 1; lastKnownFileType = text.xcconfig; name = "Pods-Budgetly-BudgetlyUITests.release.xcconfig"; path = "Target Support Files/Pods-Budgetly-BudgetlyUITests/Pods-Budgetly-BudgetlyUITests.release.xcconfig"; sourceTree = "<group>"; };
		929E1AA3B61C46D6E904E221 /* Pods-BudgetlyTests.debug.xcconfig */ = {isa = PBXFileReference; includeInIndex = 1; lastKnownFileType = text.xcconfig; name = "Pods-BudgetlyTests.debug.xcconfig"; path = "Target Support Files/Pods-BudgetlyTests/Pods-BudgetlyTests.debug.xcconfig"; sourceTree = "<group>"; };
		BA5F75C4241F3B18007E403E /* ExpenseViewController.swift */ = {isa = PBXFileReference; lastKnownFileType = sourcecode.swift; path = ExpenseViewController.swift; sourceTree = "<group>"; };
		BA78BBD4242865C000A6CD2A /* ExpenseTableViewController.swift */ = {isa = PBXFileReference; lastKnownFileType = sourcecode.swift; path = ExpenseTableViewController.swift; sourceTree = "<group>"; };
		BA9C482F241EF85D00E4AFEF /* StartScreenViewController.swift */ = {isa = PBXFileReference; lastKnownFileType = sourcecode.swift; path = StartScreenViewController.swift; sourceTree = "<group>"; };
		BA9C4831241EF9D800E4AFEF /* LoginViewController.swift */ = {isa = PBXFileReference; lastKnownFileType = sourcecode.swift; path = LoginViewController.swift; sourceTree = "<group>"; };
		BA9C4833241EFA5200E4AFEF /* HomeViewController.swift */ = {isa = PBXFileReference; lastKnownFileType = sourcecode.swift; path = HomeViewController.swift; sourceTree = "<group>"; };
		BACF4D3C242823C3000E6E68 /* GuideViewController.swift */ = {isa = PBXFileReference; lastKnownFileType = sourcecode.swift; path = GuideViewController.swift; sourceTree = "<group>"; };
		BACF4D3E24283814000E6E68 /* NewExpenseViewController.swift */ = {isa = PBXFileReference; lastKnownFileType = sourcecode.swift; path = NewExpenseViewController.swift; sourceTree = "<group>"; };
		D028409B120F35BF1516816F /* Pods_Budgetly_BudgetlyUITests.framework */ = {isa = PBXFileReference; explicitFileType = wrapper.framework; includeInIndex = 0; path = Pods_Budgetly_BudgetlyUITests.framework; sourceTree = BUILT_PRODUCTS_DIR; };
		E7EBC8A6A1ECF5A37B73F0BC /* Pods-Budgetly.debug.xcconfig */ = {isa = PBXFileReference; includeInIndex = 1; lastKnownFileType = text.xcconfig; name = "Pods-Budgetly.debug.xcconfig"; path = "Target Support Files/Pods-Budgetly/Pods-Budgetly.debug.xcconfig"; sourceTree = "<group>"; };
		F50670A22D6E1EBFBB9A8821 /* Pods-Budgetly.release.xcconfig */ = {isa = PBXFileReference; includeInIndex = 1; lastKnownFileType = text.xcconfig; name = "Pods-Budgetly.release.xcconfig"; path = "Target Support Files/Pods-Budgetly/Pods-Budgetly.release.xcconfig"; sourceTree = "<group>"; };
		FFE7AC1844A3C03B453ACA05 /* Pods-Budgetly-BudgetlyUITests.debug.xcconfig */ = {isa = PBXFileReference; includeInIndex = 1; lastKnownFileType = text.xcconfig; name = "Pods-Budgetly-BudgetlyUITests.debug.xcconfig"; path = "Target Support Files/Pods-Budgetly-BudgetlyUITests/Pods-Budgetly-BudgetlyUITests.debug.xcconfig"; sourceTree = "<group>"; };
/* End PBXFileReference section */

/* Begin PBXFrameworksBuildPhase section */
		3D5BB371241744B90032ADE8 /* Frameworks */ = {
			isa = PBXFrameworksBuildPhase;
			buildActionMask = 2147483647;
			files = (
				E6B8506B0284DDDA377DA7B7 /* Pods_Budgetly.framework in Frameworks */,
			);
			runOnlyForDeploymentPostprocessing = 0;
		};
		3D5BB387241744BC0032ADE8 /* Frameworks */ = {
			isa = PBXFrameworksBuildPhase;
			buildActionMask = 2147483647;
			files = (
				22EC3740C1DBC658B5D6C53D /* Pods_BudgetlyTests.framework in Frameworks */,
			);
			runOnlyForDeploymentPostprocessing = 0;
		};
		3D5BB392241744BC0032ADE8 /* Frameworks */ = {
			isa = PBXFrameworksBuildPhase;
			buildActionMask = 2147483647;
			files = (
				0BDF64A8BD95C1A3AD0C5834 /* Pods_Budgetly_BudgetlyUITests.framework in Frameworks */,
			);
			runOnlyForDeploymentPostprocessing = 0;
		};
/* End PBXFrameworksBuildPhase section */

/* Begin PBXGroup section */
		1EC223BAFDE2498D3868DBA4 /* Pods */ = {
			isa = PBXGroup;
			children = (
				E7EBC8A6A1ECF5A37B73F0BC /* Pods-Budgetly.debug.xcconfig */,
				F50670A22D6E1EBFBB9A8821 /* Pods-Budgetly.release.xcconfig */,
				FFE7AC1844A3C03B453ACA05 /* Pods-Budgetly-BudgetlyUITests.debug.xcconfig */,
				559582C9EC8C7B9456D9D068 /* Pods-Budgetly-BudgetlyUITests.release.xcconfig */,
				929E1AA3B61C46D6E904E221 /* Pods-BudgetlyTests.debug.xcconfig */,
				1418381AA098A44FEF0E4DD2 /* Pods-BudgetlyTests.release.xcconfig */,
			);
			path = Pods;
			sourceTree = "<group>";
		};
		203E0BC570B2CE000D9FA1CD /* Frameworks */ = {
			isa = PBXGroup;
			children = (
				1D2FE88ACB51EA024CF6E5D8 /* Pods_Budgetly.framework */,
				D028409B120F35BF1516816F /* Pods_Budgetly_BudgetlyUITests.framework */,
				32AC73C24789E577B24E6F4C /* Pods_BudgetlyTests.framework */,
			);
			name = Frameworks;
			sourceTree = "<group>";
		};
		3D5BB36B241744B90032ADE8 = {
			isa = PBXGroup;
			children = (
				3D5BB376241744B90032ADE8 /* Budgetly */,
				3D5BB38D241744BC0032ADE8 /* BudgetlyTests */,
				3D5BB398241744BC0032ADE8 /* BudgetlyUITests */,
				3D5BB375241744B90032ADE8 /* Products */,
				1EC223BAFDE2498D3868DBA4 /* Pods */,
				203E0BC570B2CE000D9FA1CD /* Frameworks */,
			);
			sourceTree = "<group>";
		};
		3D5BB375241744B90032ADE8 /* Products */ = {
			isa = PBXGroup;
			children = (
				3D5BB374241744B90032ADE8 /* Budgetly.app */,
				3D5BB38A241744BC0032ADE8 /* BudgetlyTests.xctest */,
				3D5BB395241744BC0032ADE8 /* BudgetlyUITests.xctest */,
			);
			name = Products;
			sourceTree = "<group>";
		};
		3D5BB376241744B90032ADE8 /* Budgetly */ = {
			isa = PBXGroup;
			children = (
				3D5BB377241744B90032ADE8 /* AppDelegate.swift */,
				3D5BB379241744B90032ADE8 /* SceneDelegate.swift */,
				3D5BB37D241744B90032ADE8 /* Main.storyboard */,
				3D5BB380241744BC0032ADE8 /* Assets.xcassets */,
				3D5BB382241744BC0032ADE8 /* LaunchScreen.storyboard */,
				3D5BB385241744BC0032ADE8 /* Info.plist */,
				BA9C482F241EF85D00E4AFEF /* StartScreenViewController.swift */,
				BA9C4831241EF9D800E4AFEF /* LoginViewController.swift */,
				BA9C4833241EFA5200E4AFEF /* HomeViewController.swift */,
				BA5F75C4241F3B18007E403E /* ExpenseViewController.swift */,
				BACF4D3C242823C3000E6E68 /* GuideViewController.swift */,
				BACF4D3E24283814000E6E68 /* NewExpenseViewController.swift */,
				BA78BBD4242865C000A6CD2A /* ExpenseTableViewController.swift */,
			);
			path = Budgetly;
			sourceTree = "<group>";
		};
		3D5BB38D241744BC0032ADE8 /* BudgetlyTests */ = {
			isa = PBXGroup;
			children = (
				3D5BB38E241744BC0032ADE8 /* BudgetlyTests.swift */,
				3D5BB390241744BC0032ADE8 /* Info.plist */,
			);
			path = BudgetlyTests;
			sourceTree = "<group>";
		};
		3D5BB398241744BC0032ADE8 /* BudgetlyUITests */ = {
			isa = PBXGroup;
			children = (
				3D5BB399241744BC0032ADE8 /* BudgetlyUITests.swift */,
				3D5BB39B241744BC0032ADE8 /* Info.plist */,
			);
			path = BudgetlyUITests;
			sourceTree = "<group>";
		};
/* End PBXGroup section */

/* Begin PBXNativeTarget section */
		3D5BB373241744B90032ADE8 /* Budgetly */ = {
			isa = PBXNativeTarget;
			buildConfigurationList = 3D5BB39E241744BC0032ADE8 /* Build configuration list for PBXNativeTarget "Budgetly" */;
			buildPhases = (
				C1BDF49572D9B353812E020C /* [CP] Check Pods Manifest.lock */,
				3D5BB370241744B90032ADE8 /* Sources */,
				3D5BB371241744B90032ADE8 /* Frameworks */,
				3D5BB372241744B90032ADE8 /* Resources */,
				A28A14C6FD2CC426E14EA9B0 /* [CP] Embed Pods Frameworks */,
			);
			buildRules = (
			);
			dependencies = (
			);
			name = Budgetly;
			productName = Budgetly;
			productReference = 3D5BB374241744B90032ADE8 /* Budgetly.app */;
			productType = "com.apple.product-type.application";
		};
		3D5BB389241744BC0032ADE8 /* BudgetlyTests */ = {
			isa = PBXNativeTarget;
			buildConfigurationList = 3D5BB3A1241744BC0032ADE8 /* Build configuration list for PBXNativeTarget "BudgetlyTests" */;
			buildPhases = (
				95ECD83BD059EEFD68B4429B /* [CP] Check Pods Manifest.lock */,
				3D5BB386241744BC0032ADE8 /* Sources */,
				3D5BB387241744BC0032ADE8 /* Frameworks */,
				3D5BB388241744BC0032ADE8 /* Resources */,
			);
			buildRules = (
			);
			dependencies = (
				3D5BB38C241744BC0032ADE8 /* PBXTargetDependency */,
			);
			name = BudgetlyTests;
			productName = BudgetlyTests;
			productReference = 3D5BB38A241744BC0032ADE8 /* BudgetlyTests.xctest */;
			productType = "com.apple.product-type.bundle.unit-test";
		};
		3D5BB394241744BC0032ADE8 /* BudgetlyUITests */ = {
			isa = PBXNativeTarget;
			buildConfigurationList = 3D5BB3A4241744BC0032ADE8 /* Build configuration list for PBXNativeTarget "BudgetlyUITests" */;
			buildPhases = (
				6E260560AF27F6B0CBA868EA /* [CP] Check Pods Manifest.lock */,
				3D5BB391241744BC0032ADE8 /* Sources */,
				3D5BB392241744BC0032ADE8 /* Frameworks */,
				3D5BB393241744BC0032ADE8 /* Resources */,
				39812B409B5ACF8C07324AA5 /* [CP] Embed Pods Frameworks */,
			);
			buildRules = (
			);
			dependencies = (
				3D5BB397241744BC0032ADE8 /* PBXTargetDependency */,
			);
			name = BudgetlyUITests;
			productName = BudgetlyUITests;
			productReference = 3D5BB395241744BC0032ADE8 /* BudgetlyUITests.xctest */;
			productType = "com.apple.product-type.bundle.ui-testing";
		};
/* End PBXNativeTarget section */

/* Begin PBXProject section */
		3D5BB36C241744B90032ADE8 /* Project object */ = {
			isa = PBXProject;
			attributes = {
				LastSwiftUpdateCheck = 1130;
				LastUpgradeCheck = 1130;
				ORGANIZATIONNAME = nguyenethan01;
				TargetAttributes = {
					3D5BB373241744B90032ADE8 = {
						CreatedOnToolsVersion = 11.3.1;
					};
					3D5BB389241744BC0032ADE8 = {
						CreatedOnToolsVersion = 11.3.1;
						TestTargetID = 3D5BB373241744B90032ADE8;
					};
					3D5BB394241744BC0032ADE8 = {
						CreatedOnToolsVersion = 11.3.1;
						TestTargetID = 3D5BB373241744B90032ADE8;
					};
				};
			};
			buildConfigurationList = 3D5BB36F241744B90032ADE8 /* Build configuration list for PBXProject "Budgetly" */;
			compatibilityVersion = "Xcode 9.3";
			developmentRegion = en;
			hasScannedForEncodings = 0;
			knownRegions = (
				en,
				Base,
			);
			mainGroup = 3D5BB36B241744B90032ADE8;
			productRefGroup = 3D5BB375241744B90032ADE8 /* Products */;
			projectDirPath = "";
			projectRoot = "";
			targets = (
				3D5BB373241744B90032ADE8 /* Budgetly */,
				3D5BB389241744BC0032ADE8 /* BudgetlyTests */,
				3D5BB394241744BC0032ADE8 /* BudgetlyUITests */,
			);
		};
/* End PBXProject section */

/* Begin PBXResourcesBuildPhase section */
		3D5BB372241744B90032ADE8 /* Resources */ = {
			isa = PBXResourcesBuildPhase;
			buildActionMask = 2147483647;
			files = (
				3D5BB384241744BC0032ADE8 /* LaunchScreen.storyboard in Resources */,
				3D5BB381241744BC0032ADE8 /* Assets.xcassets in Resources */,
				3D5BB37F241744B90032ADE8 /* Main.storyboard in Resources */,
			);
			runOnlyForDeploymentPostprocessing = 0;
		};
		3D5BB388241744BC0032ADE8 /* Resources */ = {
			isa = PBXResourcesBuildPhase;
			buildActionMask = 2147483647;
			files = (
			);
			runOnlyForDeploymentPostprocessing = 0;
		};
		3D5BB393241744BC0032ADE8 /* Resources */ = {
			isa = PBXResourcesBuildPhase;
			buildActionMask = 2147483647;
			files = (
			);
			runOnlyForDeploymentPostprocessing = 0;
		};
/* End PBXResourcesBuildPhase section */

/* Begin PBXShellScriptBuildPhase section */
		39812B409B5ACF8C07324AA5 /* [CP] Embed Pods Frameworks */ = {
			isa = PBXShellScriptBuildPhase;
			buildActionMask = 2147483647;
			files = (
			);
			inputFileListPaths = (
				"${PODS_ROOT}/Target Support Files/Pods-Budgetly-BudgetlyUITests/Pods-Budgetly-BudgetlyUITests-frameworks-${CONFIGURATION}-input-files.xcfilelist",
			);
			name = "[CP] Embed Pods Frameworks";
			outputFileListPaths = (
				"${PODS_ROOT}/Target Support Files/Pods-Budgetly-BudgetlyUITests/Pods-Budgetly-BudgetlyUITests-frameworks-${CONFIGURATION}-output-files.xcfilelist",
			);
			runOnlyForDeploymentPostprocessing = 0;
			shellPath = /bin/sh;
			shellScript = "\"${PODS_ROOT}/Target Support Files/Pods-Budgetly-BudgetlyUITests/Pods-Budgetly-BudgetlyUITests-frameworks.sh\"\n";
			showEnvVarsInLog = 0;
		};
		6E260560AF27F6B0CBA868EA /* [CP] Check Pods Manifest.lock */ = {
			isa = PBXShellScriptBuildPhase;
			buildActionMask = 2147483647;
			files = (
			);
			inputFileListPaths = (
			);
			inputPaths = (
				"${PODS_PODFILE_DIR_PATH}/Podfile.lock",
				"${PODS_ROOT}/Manifest.lock",
			);
			name = "[CP] Check Pods Manifest.lock";
			outputFileListPaths = (
			);
			outputPaths = (
				"$(DERIVED_FILE_DIR)/Pods-Budgetly-BudgetlyUITests-checkManifestLockResult.txt",
			);
			runOnlyForDeploymentPostprocessing = 0;
			shellPath = /bin/sh;
			shellScript = "diff \"${PODS_PODFILE_DIR_PATH}/Podfile.lock\" \"${PODS_ROOT}/Manifest.lock\" > /dev/null\nif [ $? != 0 ] ; then\n    # print error to STDERR\n    echo \"error: The sandbox is not in sync with the Podfile.lock. Run 'pod install' or update your CocoaPods installation.\" >&2\n    exit 1\nfi\n# This output is used by Xcode 'outputs' to avoid re-running this script phase.\necho \"SUCCESS\" > \"${SCRIPT_OUTPUT_FILE_0}\"\n";
			showEnvVarsInLog = 0;
		};
		95ECD83BD059EEFD68B4429B /* [CP] Check Pods Manifest.lock */ = {
			isa = PBXShellScriptBuildPhase;
			buildActionMask = 2147483647;
			files = (
			);
			inputFileListPaths = (
			);
			inputPaths = (
				"${PODS_PODFILE_DIR_PATH}/Podfile.lock",
				"${PODS_ROOT}/Manifest.lock",
			);
			name = "[CP] Check Pods Manifest.lock";
			outputFileListPaths = (
			);
			outputPaths = (
				"$(DERIVED_FILE_DIR)/Pods-BudgetlyTests-checkManifestLockResult.txt",
			);
			runOnlyForDeploymentPostprocessing = 0;
			shellPath = /bin/sh;
			shellScript = "diff \"${PODS_PODFILE_DIR_PATH}/Podfile.lock\" \"${PODS_ROOT}/Manifest.lock\" > /dev/null\nif [ $? != 0 ] ; then\n    # print error to STDERR\n    echo \"error: The sandbox is not in sync with the Podfile.lock. Run 'pod install' or update your CocoaPods installation.\" >&2\n    exit 1\nfi\n# This output is used by Xcode 'outputs' to avoid re-running this script phase.\necho \"SUCCESS\" > \"${SCRIPT_OUTPUT_FILE_0}\"\n";
			showEnvVarsInLog = 0;
		};
		A28A14C6FD2CC426E14EA9B0 /* [CP] Embed Pods Frameworks */ = {
			isa = PBXShellScriptBuildPhase;
			buildActionMask = 2147483647;
			files = (
			);
			inputFileListPaths = (
				"${PODS_ROOT}/Target Support Files/Pods-Budgetly/Pods-Budgetly-frameworks-${CONFIGURATION}-input-files.xcfilelist",
			);
			name = "[CP] Embed Pods Frameworks";
			outputFileListPaths = (
				"${PODS_ROOT}/Target Support Files/Pods-Budgetly/Pods-Budgetly-frameworks-${CONFIGURATION}-output-files.xcfilelist",
			);
			runOnlyForDeploymentPostprocessing = 0;
			shellPath = /bin/sh;
			shellScript = "\"${PODS_ROOT}/Target Support Files/Pods-Budgetly/Pods-Budgetly-frameworks.sh\"\n";
			showEnvVarsInLog = 0;
		};
		C1BDF49572D9B353812E020C /* [CP] Check Pods Manifest.lock */ = {
			isa = PBXShellScriptBuildPhase;
			buildActionMask = 2147483647;
			files = (
			);
			inputFileListPaths = (
			);
			inputPaths = (
				"${PODS_PODFILE_DIR_PATH}/Podfile.lock",
				"${PODS_ROOT}/Manifest.lock",
			);
			name = "[CP] Check Pods Manifest.lock";
			outputFileListPaths = (
			);
			outputPaths = (
				"$(DERIVED_FILE_DIR)/Pods-Budgetly-checkManifestLockResult.txt",
			);
			runOnlyForDeploymentPostprocessing = 0;
			shellPath = /bin/sh;
			shellScript = "diff \"${PODS_PODFILE_DIR_PATH}/Podfile.lock\" \"${PODS_ROOT}/Manifest.lock\" > /dev/null\nif [ $? != 0 ] ; then\n    # print error to STDERR\n    echo \"error: The sandbox is not in sync with the Podfile.lock. Run 'pod install' or update your CocoaPods installation.\" >&2\n    exit 1\nfi\n# This output is used by Xcode 'outputs' to avoid re-running this script phase.\necho \"SUCCESS\" > \"${SCRIPT_OUTPUT_FILE_0}\"\n";
			showEnvVarsInLog = 0;
		};
/* End PBXShellScriptBuildPhase section */

/* Begin PBXSourcesBuildPhase section */
		3D5BB370241744B90032ADE8 /* Sources */ = {
			isa = PBXSourcesBuildPhase;
			buildActionMask = 2147483647;
			files = (
				BA9C4834241EFA5200E4AFEF /* HomeViewController.swift in Sources */,
				BA78BBD5242865C000A6CD2A /* ExpenseTableViewController.swift in Sources */,
				BA9C4832241EF9D800E4AFEF /* LoginViewController.swift in Sources */,
				BACF4D3F24283814000E6E68 /* NewExpenseViewController.swift in Sources */,
				BA9C4830241EF85D00E4AFEF /* StartScreenViewController.swift in Sources */,
				BACF4D3D242823C3000E6E68 /* GuideViewController.swift in Sources */,
				3D5BB378241744B90032ADE8 /* AppDelegate.swift in Sources */,
				3D5BB37A241744B90032ADE8 /* SceneDelegate.swift in Sources */,
				BA5F75C5241F3B18007E403E /* ExpenseViewController.swift in Sources */,
			);
			runOnlyForDeploymentPostprocessing = 0;
		};
		3D5BB386241744BC0032ADE8 /* Sources */ = {
			isa = PBXSourcesBuildPhase;
			buildActionMask = 2147483647;
			files = (
				3D5BB38F241744BC0032ADE8 /* BudgetlyTests.swift in Sources */,
			);
			runOnlyForDeploymentPostprocessing = 0;
		};
		3D5BB391241744BC0032ADE8 /* Sources */ = {
			isa = PBXSourcesBuildPhase;
			buildActionMask = 2147483647;
			files = (
				3D5BB39A241744BC0032ADE8 /* BudgetlyUITests.swift in Sources */,
			);
			runOnlyForDeploymentPostprocessing = 0;
		};
/* End PBXSourcesBuildPhase section */

/* Begin PBXTargetDependency section */
		3D5BB38C241744BC0032ADE8 /* PBXTargetDependency */ = {
			isa = PBXTargetDependency;
			target = 3D5BB373241744B90032ADE8 /* Budgetly */;
			targetProxy = 3D5BB38B241744BC0032ADE8 /* PBXContainerItemProxy */;
		};
		3D5BB397241744BC0032ADE8 /* PBXTargetDependency */ = {
			isa = PBXTargetDependency;
			target = 3D5BB373241744B90032ADE8 /* Budgetly */;
			targetProxy = 3D5BB396241744BC0032ADE8 /* PBXContainerItemProxy */;
		};
/* End PBXTargetDependency section */

/* Begin PBXVariantGroup section */
		3D5BB37D241744B90032ADE8 /* Main.storyboard */ = {
			isa = PBXVariantGroup;
			children = (
				3D5BB37E241744B90032ADE8 /* Base */,
			);
			name = Main.storyboard;
			sourceTree = "<group>";
		};
		3D5BB382241744BC0032ADE8 /* LaunchScreen.storyboard */ = {
			isa = PBXVariantGroup;
			children = (
				3D5BB383241744BC0032ADE8 /* Base */,
			);
			name = LaunchScreen.storyboard;
			sourceTree = "<group>";
		};
/* End PBXVariantGroup section */

/* Begin XCBuildConfiguration section */
		3D5BB39C241744BC0032ADE8 /* Debug */ = {
			isa = XCBuildConfiguration;
			buildSettings = {
				ALWAYS_SEARCH_USER_PATHS = NO;
				CLANG_ANALYZER_NONNULL = YES;
				CLANG_ANALYZER_NUMBER_OBJECT_CONVERSION = YES_AGGRESSIVE;
				CLANG_CXX_LANGUAGE_STANDARD = "gnu++14";
				CLANG_CXX_LIBRARY = "libc++";
				CLANG_ENABLE_MODULES = YES;
				CLANG_ENABLE_OBJC_ARC = YES;
				CLANG_ENABLE_OBJC_WEAK = YES;
				CLANG_WARN_BLOCK_CAPTURE_AUTORELEASING = YES;
				CLANG_WARN_BOOL_CONVERSION = YES;
				CLANG_WARN_COMMA = YES;
				CLANG_WARN_CONSTANT_CONVERSION = YES;
				CLANG_WARN_DEPRECATED_OBJC_IMPLEMENTATIONS = YES;
				CLANG_WARN_DIRECT_OBJC_ISA_USAGE = YES_ERROR;
				CLANG_WARN_DOCUMENTATION_COMMENTS = YES;
				CLANG_WARN_EMPTY_BODY = YES;
				CLANG_WARN_ENUM_CONVERSION = YES;
				CLANG_WARN_INFINITE_RECURSION = YES;
				CLANG_WARN_INT_CONVERSION = YES;
				CLANG_WARN_NON_LITERAL_NULL_CONVERSION = YES;
				CLANG_WARN_OBJC_IMPLICIT_RETAIN_SELF = YES;
				CLANG_WARN_OBJC_LITERAL_CONVERSION = YES;
				CLANG_WARN_OBJC_ROOT_CLASS = YES_ERROR;
				CLANG_WARN_RANGE_LOOP_ANALYSIS = YES;
				CLANG_WARN_STRICT_PROTOTYPES = YES;
				CLANG_WARN_SUSPICIOUS_MOVE = YES;
				CLANG_WARN_UNGUARDED_AVAILABILITY = YES_AGGRESSIVE;
				CLANG_WARN_UNREACHABLE_CODE = YES;
				CLANG_WARN__DUPLICATE_METHOD_MATCH = YES;
				COPY_PHASE_STRIP = NO;
				DEBUG_INFORMATION_FORMAT = dwarf;
				ENABLE_STRICT_OBJC_MSGSEND = YES;
				ENABLE_TESTABILITY = YES;
				GCC_C_LANGUAGE_STANDARD = gnu11;
				GCC_DYNAMIC_NO_PIC = NO;
				GCC_NO_COMMON_BLOCKS = YES;
				GCC_OPTIMIZATION_LEVEL = 0;
				GCC_PREPROCESSOR_DEFINITIONS = (
					"DEBUG=1",
					"$(inherited)",
				);
				GCC_WARN_64_TO_32_BIT_CONVERSION = YES;
				GCC_WARN_ABOUT_RETURN_TYPE = YES_ERROR;
				GCC_WARN_UNDECLARED_SELECTOR = YES;
				GCC_WARN_UNINITIALIZED_AUTOS = YES_AGGRESSIVE;
				GCC_WARN_UNUSED_FUNCTION = YES;
				GCC_WARN_UNUSED_VARIABLE = YES;
				IPHONEOS_DEPLOYMENT_TARGET = 13.2;
				MTL_ENABLE_DEBUG_INFO = INCLUDE_SOURCE;
				MTL_FAST_MATH = YES;
				ONLY_ACTIVE_ARCH = YES;
				SDKROOT = iphoneos;
				SWIFT_ACTIVE_COMPILATION_CONDITIONS = DEBUG;
				SWIFT_OPTIMIZATION_LEVEL = "-Onone";
			};
			name = Debug;
		};
		3D5BB39D241744BC0032ADE8 /* Release */ = {
			isa = XCBuildConfiguration;
			buildSettings = {
				ALWAYS_SEARCH_USER_PATHS = NO;
				CLANG_ANALYZER_NONNULL = YES;
				CLANG_ANALYZER_NUMBER_OBJECT_CONVERSION = YES_AGGRESSIVE;
				CLANG_CXX_LANGUAGE_STANDARD = "gnu++14";
				CLANG_CXX_LIBRARY = "libc++";
				CLANG_ENABLE_MODULES = YES;
				CLANG_ENABLE_OBJC_ARC = YES;
				CLANG_ENABLE_OBJC_WEAK = YES;
				CLANG_WARN_BLOCK_CAPTURE_AUTORELEASING = YES;
				CLANG_WARN_BOOL_CONVERSION = YES;
				CLANG_WARN_COMMA = YES;
				CLANG_WARN_CONSTANT_CONVERSION = YES;
				CLANG_WARN_DEPRECATED_OBJC_IMPLEMENTATIONS = YES;
				CLANG_WARN_DIRECT_OBJC_ISA_USAGE = YES_ERROR;
				CLANG_WARN_DOCUMENTATION_COMMENTS = YES;
				CLANG_WARN_EMPTY_BODY = YES;
				CLANG_WARN_ENUM_CONVERSION = YES;
				CLANG_WARN_INFINITE_RECURSION = YES;
				CLANG_WARN_INT_CONVERSION = YES;
				CLANG_WARN_NON_LITERAL_NULL_CONVERSION = YES;
				CLANG_WARN_OBJC_IMPLICIT_RETAIN_SELF = YES;
				CLANG_WARN_OBJC_LITERAL_CONVERSION = YES;
				CLANG_WARN_OBJC_ROOT_CLASS = YES_ERROR;
				CLANG_WARN_RANGE_LOOP_ANALYSIS = YES;
				CLANG_WARN_STRICT_PROTOTYPES = YES;
				CLANG_WARN_SUSPICIOUS_MOVE = YES;
				CLANG_WARN_UNGUARDED_AVAILABILITY = YES_AGGRESSIVE;
				CLANG_WARN_UNREACHABLE_CODE = YES;
				CLANG_WARN__DUPLICATE_METHOD_MATCH = YES;
				COPY_PHASE_STRIP = NO;
				DEBUG_INFORMATION_FORMAT = "dwarf-with-dsym";
				ENABLE_NS_ASSERTIONS = NO;
				ENABLE_STRICT_OBJC_MSGSEND = YES;
				GCC_C_LANGUAGE_STANDARD = gnu11;
				GCC_NO_COMMON_BLOCKS = YES;
				GCC_WARN_64_TO_32_BIT_CONVERSION = YES;
				GCC_WARN_ABOUT_RETURN_TYPE = YES_ERROR;
				GCC_WARN_UNDECLARED_SELECTOR = YES;
				GCC_WARN_UNINITIALIZED_AUTOS = YES_AGGRESSIVE;
				GCC_WARN_UNUSED_FUNCTION = YES;
				GCC_WARN_UNUSED_VARIABLE = YES;
				IPHONEOS_DEPLOYMENT_TARGET = 13.2;
				MTL_ENABLE_DEBUG_INFO = NO;
				MTL_FAST_MATH = YES;
				SDKROOT = iphoneos;
				SWIFT_COMPILATION_MODE = wholemodule;
				SWIFT_OPTIMIZATION_LEVEL = "-O";
				VALIDATE_PRODUCT = YES;
			};
			name = Release;
		};
		3D5BB39F241744BC0032ADE8 /* Debug */ = {
			isa = XCBuildConfiguration;
			baseConfigurationReference = E7EBC8A6A1ECF5A37B73F0BC /* Pods-Budgetly.debug.xcconfig */;
			buildSettings = {
				ASSETCATALOG_COMPILER_APPICON_NAME = AppIcon;
				CODE_SIGN_STYLE = Automatic;
				INFOPLIST_FILE = Budgetly/Info.plist;
				LD_RUNPATH_SEARCH_PATHS = (
					"$(inherited)",
					"@executable_path/Frameworks",
				);
				PRODUCT_BUNDLE_IDENTIFIER = com.nguyenethan01.Budgetly;
				PRODUCT_NAME = "$(TARGET_NAME)";
				SWIFT_VERSION = 5.0;
				TARGETED_DEVICE_FAMILY = "1,2";
			};
			name = Debug;
		};
		3D5BB3A0241744BC0032ADE8 /* Release */ = {
			isa = XCBuildConfiguration;
			baseConfigurationReference = F50670A22D6E1EBFBB9A8821 /* Pods-Budgetly.release.xcconfig */;
			buildSettings = {
				ASSETCATALOG_COMPILER_APPICON_NAME = AppIcon;
				CODE_SIGN_STYLE = Automatic;
				INFOPLIST_FILE = Budgetly/Info.plist;
				LD_RUNPATH_SEARCH_PATHS = (
					"$(inherited)",
					"@executable_path/Frameworks",
				);
				PRODUCT_BUNDLE_IDENTIFIER = com.nguyenethan01.Budgetly;
				PRODUCT_NAME = "$(TARGET_NAME)";
				SWIFT_VERSION = 5.0;
				TARGETED_DEVICE_FAMILY = "1,2";
			};
			name = Release;
		};
		3D5BB3A2241744BC0032ADE8 /* Debug */ = {
			isa = XCBuildConfiguration;
			baseConfigurationReference = 929E1AA3B61C46D6E904E221 /* Pods-BudgetlyTests.debug.xcconfig */;
			buildSettings = {
				ALWAYS_EMBED_SWIFT_STANDARD_LIBRARIES = YES;
				BUNDLE_LOADER = "$(TEST_HOST)";
				CODE_SIGN_STYLE = Automatic;
				INFOPLIST_FILE = BudgetlyTests/Info.plist;
				IPHONEOS_DEPLOYMENT_TARGET = 13.2;
				LD_RUNPATH_SEARCH_PATHS = (
					"$(inherited)",
					"@executable_path/Frameworks",
					"@loader_path/Frameworks",
				);
				PRODUCT_BUNDLE_IDENTIFIER = com.nguyenethan01.BudgetlyTests;
				PRODUCT_NAME = "$(TARGET_NAME)";
				SWIFT_VERSION = 5.0;
				TARGETED_DEVICE_FAMILY = "1,2";
				TEST_HOST = "$(BUILT_PRODUCTS_DIR)/Budgetly.app/Budgetly";
			};
			name = Debug;
		};
		3D5BB3A3241744BC0032ADE8 /* Release */ = {
			isa = XCBuildConfiguration;
			baseConfigurationReference = 1418381AA098A44FEF0E4DD2 /* Pods-BudgetlyTests.release.xcconfig */;
			buildSettings = {
				ALWAYS_EMBED_SWIFT_STANDARD_LIBRARIES = YES;
				BUNDLE_LOADER = "$(TEST_HOST)";
				CODE_SIGN_STYLE = Automatic;
				INFOPLIST_FILE = BudgetlyTests/Info.plist;
				IPHONEOS_DEPLOYMENT_TARGET = 13.2;
				LD_RUNPATH_SEARCH_PATHS = (
					"$(inherited)",
					"@executable_path/Frameworks",
					"@loader_path/Frameworks",
				);
				PRODUCT_BUNDLE_IDENTIFIER = com.nguyenethan01.BudgetlyTests;
				PRODUCT_NAME = "$(TARGET_NAME)";
				SWIFT_VERSION = 5.0;
				TARGETED_DEVICE_FAMILY = "1,2";
				TEST_HOST = "$(BUILT_PRODUCTS_DIR)/Budgetly.app/Budgetly";
			};
			name = Release;
		};
		3D5BB3A5241744BC0032ADE8 /* Debug */ = {
			isa = XCBuildConfiguration;
			baseConfigurationReference = FFE7AC1844A3C03B453ACA05 /* Pods-Budgetly-BudgetlyUITests.debug.xcconfig */;
			buildSettings = {
				ALWAYS_EMBED_SWIFT_STANDARD_LIBRARIES = YES;
				CODE_SIGN_STYLE = Automatic;
				INFOPLIST_FILE = BudgetlyUITests/Info.plist;
				LD_RUNPATH_SEARCH_PATHS = (
					"$(inherited)",
					"@executable_path/Frameworks",
					"@loader_path/Frameworks",
				);
				PRODUCT_BUNDLE_IDENTIFIER = com.nguyenethan01.BudgetlyUITests;
				PRODUCT_NAME = "$(TARGET_NAME)";
				SWIFT_VERSION = 5.0;
				TARGETED_DEVICE_FAMILY = "1,2";
				TEST_TARGET_NAME = Budgetly;
			};
			name = Debug;
		};
		3D5BB3A6241744BC0032ADE8 /* Release */ = {
			isa = XCBuildConfiguration;
			baseConfigurationReference = 559582C9EC8C7B9456D9D068 /* Pods-Budgetly-BudgetlyUITests.release.xcconfig */;
			buildSettings = {
				ALWAYS_EMBED_SWIFT_STANDARD_LIBRARIES = YES;
				CODE_SIGN_STYLE = Automatic;
				INFOPLIST_FILE = BudgetlyUITests/Info.plist;
				LD_RUNPATH_SEARCH_PATHS = (
					"$(inherited)",
					"@executable_path/Frameworks",
					"@loader_path/Frameworks",
				);
				PRODUCT_BUNDLE_IDENTIFIER = com.nguyenethan01.BudgetlyUITests;
				PRODUCT_NAME = "$(TARGET_NAME)";
				SWIFT_VERSION = 5.0;
				TARGETED_DEVICE_FAMILY = "1,2";
				TEST_TARGET_NAME = Budgetly;
			};
			name = Release;
		};
/* End XCBuildConfiguration section */

/* Begin XCConfigurationList section */
		3D5BB36F241744B90032ADE8 /* Build configuration list for PBXProject "Budgetly" */ = {
			isa = XCConfigurationList;
			buildConfigurations = (
				3D5BB39C241744BC0032ADE8 /* Debug */,
				3D5BB39D241744BC0032ADE8 /* Release */,
			);
			defaultConfigurationIsVisible = 0;
			defaultConfigurationName = Release;
		};
		3D5BB39E241744BC0032ADE8 /* Build configuration list for PBXNativeTarget "Budgetly" */ = {
			isa = XCConfigurationList;
			buildConfigurations = (
				3D5BB39F241744BC0032ADE8 /* Debug */,
				3D5BB3A0241744BC0032ADE8 /* Release */,
			);
			defaultConfigurationIsVisible = 0;
			defaultConfigurationName = Release;
		};
		3D5BB3A1241744BC0032ADE8 /* Build configuration list for PBXNativeTarget "BudgetlyTests" */ = {
			isa = XCConfigurationList;
			buildConfigurations = (
				3D5BB3A2241744BC0032ADE8 /* Debug */,
				3D5BB3A3241744BC0032ADE8 /* Release */,
			);
			defaultConfigurationIsVisible = 0;
			defaultConfigurationName = Release;
		};
		3D5BB3A4241744BC0032ADE8 /* Build configuration list for PBXNativeTarget "BudgetlyUITests" */ = {
			isa = XCConfigurationList;
			buildConfigurations = (
				3D5BB3A5241744BC0032ADE8 /* Debug */,
				3D5BB3A6241744BC0032ADE8 /* Release */,
			);
			defaultConfigurationIsVisible = 0;
			defaultConfigurationName = Release;
		};
/* End XCConfigurationList section */
	};
	rootObject = 3D5BB36C241744B90032ADE8 /* Project object */;
}
